Microsoft Visual Studio Solution File, Format Version 12.00
# Visual Studio Version 17
VisualStudioVersion = 17.5.2.0
MinimumVisualStudioVersion = 10.0.40219.1
Project("{FAE04EC0-301F-11D3-BF4B-00C04F79EFBC}") = "ClinicWEB", "ClinicWEB.csproj", "{B33B37E9-43E4-14FF-44CC-A0C284899455}"
EndProject
Global
	GlobalSection(SolutionConfigurationPlatforms) = preSolution
		Debug|Any CPU = Debug|Any CPU
		Release|Any CPU = Release|Any CPU
	EndGlobalSection
	GlobalSection(ProjectConfigurationPlatforms) = postSolution
		{B33B37E9-43E4-14FF-44CC-A0C284899455}.Debug|Any CPU.ActiveCfg = Debug|Any CPU
		{B33B37E9-43E4-14FF-44CC-A0C284899455}.Debug|Any CPU.Build.0 = Debug|Any CPU
		{B33B37E9-43E4-14FF-44CC-A0C284899455}.Release|Any CPU.ActiveCfg = Release|Any CPU
		{B33B37E9-43E4-14FF-44CC-A0C284899455}.Release|Any CPU.Build.0 = Release|Any CPU
	EndGlobalSection
	GlobalSection(SolutionProperties) = preSolution
		HideSolutionNode = FALSE
	EndGlobalSection
	GlobalSection(ExtensibilityGlobals) = postSolution
		SolutionGuid = {C32DD399-D90F-43EE-9C9C-2BAA2017BAE5}
	EndGlobalSection
EndGlobal
